
Microsoft Visual Studio Solution File, Format Version 12.00
# Visual Studio 14
VisualStudioVersion = 14.0.24720.0
MinimumVisualStudioVersion = 10.0.40219.1
Project("{FAE04EC0-301F-11D3-BF4B-00C04F79EFBC}") = "WinFormsChromiumExample", "WinFormsChromiumExample\WinFormsChromiumExample.csproj", "{6D9716DA-5066-4344-AFDC-7514F9BB62AB}"
EndProject
Project("{FAE04EC0-301F-11D3-BF4B-00C04F79EFBC}") = "OwinFileHost", "OwinFileHost\OwinFileHost.csproj", "{22E9E83D-0ECD-4A2F-8DD2-1D75C739D45D}"
EndProject
Global
	GlobalSection(SolutionConfigurationPlatforms) = preSolution
		Debug|Any CPU = Debug|Any CPU
		Debug|x86 = Debug|x86
		Release|Any CPU = Release|Any CPU
		Release|x86 = Release|x86
	EndGlobalSection
	GlobalSection(ProjectConfigurationPlatforms) = postSolution
		{6D9716DA-5066-4344-AFDC-7514F9BB62AB}.Debug|Any CPU.ActiveCfg = Debug|Any CPU
		{6D9716DA-5066-4344-AFDC-7514F9BB62AB}.Debug|Any CPU.Build.0 = Debug|Any CPU
		{6D9716DA-5066-4344-AFDC-7514F9BB62AB}.Debug|x86.ActiveCfg = Debug|x86
		{6D9716DA-5066-4344-AFDC-7514F9BB62AB}.Debug|x86.Build.0 = Debug|x86
		{6D9716DA-5066-4344-AFDC-7514F9BB62AB}.Release|Any CPU.ActiveCfg = Release|Any CPU
		{6D9716DA-5066-4344-AFDC-7514F9BB62AB}.Release|Any CPU.Build.0 = Release|Any CPU
		{6D9716DA-5066-4344-AFDC-7514F9BB62AB}.Release|x86.ActiveCfg = Release|Any CPU
		{6D9716DA-5066-4344-AFDC-7514F9BB62AB}.Release|x86.Build.0 = Release|Any CPU
		{22E9E83D-0ECD-4A2F-8DD2-1D75C739D45D}.Debug|Any CPU.ActiveCfg = Debug|Any CPU
		{22E9E83D-0ECD-4A2F-8DD2-1D75C739D45D}.Debug|Any CPU.Build.0 = Debug|Any CPU
		{22E9E83D-0ECD-4A2F-8DD2-1D75C739D45D}.Debug|x86.ActiveCfg = Debug|x86
		{22E9E83D-0ECD-4A2F-8DD2-1D75C739D45D}.Debug|x86.Build.0 = Debug|x86
		{22E9E83D-0ECD-4A2F-8DD2-1D75C739D45D}.Release|Any CPU.ActiveCfg = Release|Any CPU
		{22E9E83D-0ECD-4A2F-8DD2-1D75C739D45D}.Release|Any CPU.Build.0 = Release|Any CPU
		{22E9E83D-0ECD-4A2F-8DD2-1D75C739D45D}.Release|x86.ActiveCfg = Release|Any CPU
		{22E9E83D-0ECD-4A2F-8DD2-1D75C739D45D}.Release|x86.Build.0 = Release|Any CPU
	EndGlobalSection
	GlobalSection(SolutionProperties) = preSolution
		HideSolutionNode = FALSE
	EndGlobalSection
EndGlobal
